
Microsoft Visual Studio Solution File, Format Version 12.00
# Visual Studio Version 17
VisualStudioVersion = 17.3.32901.215
MinimumVisualStudioVersion = 10.0.40219.1
Project("{FAE04EC0-301F-11D3-BF4B-00C04F79EFBC}") = "AsyncFizzBuzz", "AsyncFizzBuzz.csproj", "{A90FE848-D5C9-4C7C-ACD9-4131E1085AE0}"
EndProject
Global
	GlobalSection(SolutionConfigurationPlatforms) = preSolution
		Debug|Any CPU = Debug|Any CPU
		Release|Any CPU = Release|Any CPU
	EndGlobalSection
	GlobalSection(ProjectConfigurationPlatforms) = postSolution
		{A90FE848-D5C9-4C7C-ACD9-4131E1085AE0}.Debug|Any CPU.ActiveCfg = Debug|Any CPU
		{A90FE848-D5C9-4C7C-ACD9-4131E1085AE0}.Debug|Any CPU.Build.0 = Debug|Any CPU
		{A90FE848-D5C9-4C7C-ACD9-4131E1085AE0}.Release|Any CPU.ActiveCfg = Release|Any CPU
		{A90FE848-D5C9-4C7C-ACD9-4131E1085AE0}.Release|Any CPU.Build.0 = Release|Any CPU
	EndGlobalSection
	GlobalSection(SolutionProperties) = preSolution
		HideSolutionNode = FALSE
	EndGlobalSection
	GlobalSection(ExtensibilityGlobals) = postSolution
		SolutionGuid = {09D15AB8-690D-461C-80D0-576D974566CD}
	EndGlobalSection
EndGlobal
